<?xml version="1.0" encoding="utf-8"?>
<Project ToolsVersion="4.0" xmlns="http://schemas.microsoft.com/developer/msbuild/2003">
  <ItemGroup>
    <ClCompile Include="Cube.cpp" />
    <ClCompile Include="Curtain.cpp" />
    <ClCompile Include="cylinder.cpp" />
    <ClCompile Include="disk.cpp" />
    <ClCompile Include="Globals.cpp" />
    <ClCompile Include="main.cpp" />
    <ClCompile Include="moshball.cpp" />
    <ClCompile Include="object.cpp" />
    <ClCompile Include="player.cpp" />
    <ClCompile Include="RectangularPrism.cpp" />
    <ClCompile Include="Render.cpp" />
    <ClCompile Include="shader.cpp" />
    <ClCompile Include="Sphere.cpp" />
    <ClCompile Include="Spring.cpp" />
    <ClCompile Include="Square.cpp" />
    <ClCompile Include="top.cpp" />
    <ClCompile Include="Torus.cpp" />
    <ClCompile Include="vertexattributes.cpp" />
    <ClCompile Include="wall.cpp" />
    <ClCompile Include="ballContactListener.cpp" />
    <ClCompile Include="fbo.cpp" />
    <ClCompile Include="ImageTexture.cpp" />
    <ClCompile Include="Skybox.cpp" />
    <ClCompile Include="avi_utils.cpp" />
    <ClCompile Include="HalfCube.cpp" />
    <ClCompile Include="ImageWriter.cpp" />
    <ClCompile Include="Recorder.cpp" />
    <ClCompile Include="FreeType.cpp" />
  </ItemGroup>
  <ItemGroup>
    <ClInclude Include="Cube.h" />
    <ClInclude Include="Curtain.h" />
    <ClInclude Include="cylinder.h" />
    <ClInclude Include="disk.h" />
    <ClInclude Include="Globals.h" />
    <ClInclude Include="moshball.h" />
    <ClInclude Include="object.h" />
    <ClInclude Include="player.h" />
    <ClInclude Include="RectangularPrism.h" />
    <ClInclude Include="Render.h" />
    <ClInclude Include="shader.h" />
    <ClInclude Include="Sphere.h" />
    <ClInclude Include="Spring.h" />
    <ClInclude Include="Square.h" />
    <ClInclude Include="top.h" />
    <ClInclude Include="Torus.h" />
    <ClInclude Include="vertexattributes.h" />
    <ClInclude Include="wall.h" />
    <ClInclude Include="ballContactListener.h" />
    <ClInclude Include="fbo.h" />
    <ClInclude Include="FreeImage.h" />
    <ClInclude Include="ImageTexture.h" />
    <ClInclude Include="Skybox.h" />
    <ClInclude Include="avi_utils.h" />
    <ClInclude Include="HalfCube.h" />
    <ClInclude Include="ImageWriter.h" />
    <ClInclude Include="Recorder.h" />
    <ClInclude Include="FreeType.h" />
  </ItemGroup>
  <ItemGroup>
    <None Include="phongAds.frag" />
    <None Include="phongAds.vert" />
    <None Include="solid_shader.frag" />
    <None Include="solid_shader.vert" />
    <None Include="..\Debug\project3.exe" />
    <None Include="JumboTronCube.frag" />
    <None Include="JumboTronShader.frag" />
    <None Include="SkyBoxShader.frag" />
    <None Include="TargetShader.frag" />
    <None Include="earth.jpg" />
    <None Include="grimmnight_large.jpg" />
    <None Include="interstellar_large.jpg" />
    <None Include="miramar_large.jpg" />
    <None Include="stormydays_large.jpg" />
    <None Include="violentdays_large.jpg" />
    <None Include="JumboTronCube.vert" />
    <None Include="JumboTronShader.vert" />
    <None Include="SkyBoxShader.vert" />
    <None Include="TargetShader.vert" />
    <None Include="DynamicSphere.frag" />
    <None Include="DynamicSphere.vert" />
  </ItemGroup>
</Project>